
Microsoft Visual Studio Solution File, Format Version 12.00
# Visual Studio 2013
VisualStudioVersion = 12.0.21005.1
MinimumVisualStudioVersion = 10.0.40219.1
Project("{FAE04EC0-301F-11D3-BF4B-00C04F79EFBC}") = "AppSolution", "AppSolution\AppSolution.csproj", "{1D8AC492-63F2-42C8-83F7-BB70A2625094}"
EndProject
Project("{FAE04EC0-301F-11D3-BF4B-00C04F79EFBC}") = "App.BLL", "App.BLL\App.BLL.csproj", "{FB886EE2-0A35-4EC6-A936-A0BDE2E0E422}"
EndProject
Project("{FAE04EC0-301F-11D3-BF4B-00C04F79EFBC}") = "App.Core", "App.Core\App.Core.csproj", "{8477283D-9BDF-4525-B30B-EBEB889BA030}"
EndProject
Project("{FAE04EC0-301F-11D3-BF4B-00C04F79EFBC}") = "App.DAL", "App.DAL\App.DAL.csproj", "{481ABE40-2646-4A0C-9162-03F062144382}"
EndProject
Project("{FAE04EC0-301F-11D3-BF4B-00C04F79EFBC}") = "App.IBLL", "App.IBLL\App.IBLL.csproj", "{AB869E51-F0AF-4170-99AC-ADAC997CD34C}"
EndProject
Project("{FAE04EC0-301F-11D3-BF4B-00C04F79EFBC}") = "App.IDAL", "App.IDAL\App.IDAL.csproj", "{8C60B6C3-EB80-4686-B539-F0548EF18CC5}"
EndProject
Project("{FAE04EC0-301F-11D3-BF4B-00C04F79EFBC}") = "App.Models", "App.Models\App.Models.csproj", "{67A33A1E-F8E2-492D-B566-1584FF97F924}"
EndProject
Project("{FAE04EC0-301F-11D3-BF4B-00C04F79EFBC}") = "App.Common", "App.Common\App.Common.csproj", "{8BB18523-A4C5-418E-9F31-5B632EE996E7}"
EndProject
Global
	GlobalSection(SolutionConfigurationPlatforms) = preSolution
		Debug|Any CPU = Debug|Any CPU
		Release|Any CPU = Release|Any CPU
	EndGlobalSection
	GlobalSection(ProjectConfigurationPlatforms) = postSolution
		{1D8AC492-63F2-42C8-83F7-BB70A2625094}.Debug|Any CPU.ActiveCfg = Debug|Any CPU
		{1D8AC492-63F2-42C8-83F7-BB70A2625094}.Debug|Any CPU.Build.0 = Debug|Any CPU
		{1D8AC492-63F2-42C8-83F7-BB70A2625094}.Release|Any CPU.ActiveCfg = Release|Any CPU
		{1D8AC492-63F2-42C8-83F7-BB70A2625094}.Release|Any CPU.Build.0 = Release|Any CPU
		{FB886EE2-0A35-4EC6-A936-A0BDE2E0E422}.Debug|Any CPU.ActiveCfg = Debug|Any CPU
		{FB886EE2-0A35-4EC6-A936-A0BDE2E0E422}.Debug|Any CPU.Build.0 = Debug|Any CPU
		{FB886EE2-0A35-4EC6-A936-A0BDE2E0E422}.Release|Any CPU.ActiveCfg = Release|Any CPU
		{FB886EE2-0A35-4EC6-A936-A0BDE2E0E422}.Release|Any CPU.Build.0 = Release|Any CPU
		{8477283D-9BDF-4525-B30B-EBEB889BA030}.Debug|Any CPU.ActiveCfg = Debug|Any CPU
		{8477283D-9BDF-4525-B30B-EBEB889BA030}.Debug|Any CPU.Build.0 = Debug|Any CPU
		{8477283D-9BDF-4525-B30B-EBEB889BA030}.Release|Any CPU.ActiveCfg = Release|Any CPU
		{8477283D-9BDF-4525-B30B-EBEB889BA030}.Release|Any CPU.Build.0 = Release|Any CPU
		{481ABE40-2646-4A0C-9162-03F062144382}.Debug|Any CPU.ActiveCfg = Debug|Any CPU
		{481ABE40-2646-4A0C-9162-03F062144382}.Debug|Any CPU.Build.0 = Debug|Any CPU
		{481ABE40-2646-4A0C-9162-03F062144382}.Release|Any CPU.ActiveCfg = Release|Any CPU
		{481ABE40-2646-4A0C-9162-03F062144382}.Release|Any CPU.Build.0 = Release|Any CPU
		{AB869E51-F0AF-4170-99AC-ADAC997CD34C}.Debug|Any CPU.ActiveCfg = Debug|Any CPU
		{AB869E51-F0AF-4170-99AC-ADAC997CD34C}.Debug|Any CPU.Build.0 = Debug|Any CPU
		{AB869E51-F0AF-4170-99AC-ADAC997CD34C}.Release|Any CPU.ActiveCfg = Release|Any CPU
		{AB869E51-F0AF-4170-99AC-ADAC997CD34C}.Release|Any CPU.Build.0 = Release|Any CPU
		{8C60B6C3-EB80-4686-B539-F0548EF18CC5}.Debug|Any CPU.ActiveCfg = Debug|Any CPU
		{8C60B6C3-EB80-4686-B539-F0548EF18CC5}.Debug|Any CPU.Build.0 = Debug|Any CPU
		{8C60B6C3-EB80-4686-B539-F0548EF18CC5}.Release|Any CPU.ActiveCfg = Release|Any CPU
		{8C60B6C3-EB80-4686-B539-F0548EF18CC5}.Release|Any CPU.Build.0 = Release|Any CPU
		{67A33A1E-F8E2-492D-B566-1584FF97F924}.Debug|Any CPU.ActiveCfg = Debug|Any CPU
		{67A33A1E-F8E2-492D-B566-1584FF97F924}.Debug|Any CPU.Build.0 = Debug|Any CPU
		{67A33A1E-F8E2-492D-B566-1584FF97F924}.Release|Any CPU.ActiveCfg = Release|Any CPU
		{67A33A1E-F8E2-492D-B566-1584FF97F924}.Release|Any CPU.Build.0 = Release|Any CPU
		{8BB18523-A4C5-418E-9F31-5B632EE996E7}.Debug|Any CPU.ActiveCfg = Debug|Any CPU
		{8BB18523-A4C5-418E-9F31-5B632EE996E7}.Debug|Any CPU.Build.0 = Debug|Any CPU
		{8BB18523-A4C5-418E-9F31-5B632EE996E7}.Release|Any CPU.ActiveCfg = Release|Any CPU
		{8BB18523-A4C5-418E-9F31-5B632EE996E7}.Release|Any CPU.Build.0 = Release|Any CPU
	EndGlobalSection
	GlobalSection(SolutionProperties) = preSolution
		HideSolutionNode = FALSE
	EndGlobalSection
EndGlobal
